<?xml version="1.0" encoding="utf-8"?>
<Project ToolsVersion="4.0" xmlns="http://schemas.microsoft.com/developer/msbuild/2003">
  <ItemGroup>
    <Filter Include="Source Files">
      <UniqueIdentifier>{4FC737F1-C7A5-4376-A066-2A32D752A2FF}</UniqueIdentifier>
      <Extensions>cpp;c;cc;cxx;def;odl;idl;hpj;bat;asm;asmx</Extensions>
    </Filter>
    <Filter Include="Header Files">
      <UniqueIdentifier>{93995380-89BD-4b04-88EB-625FBE52EBFB}</UniqueIdentifier>
      <Extensions>h;hh;hpp;hxx;hm;inl;inc;xsd</Extensions>
    </Filter>
    <Filter Include="Resource Files">
      <UniqueIdentifier>{67DA6AB6-F800-4c08-8B7A-83BB121AAD01}</UniqueIdentifier>
      <Extensions>rc;ico;cur;bmp;dlg;rc2;rct;bin;rgs;gif;jpg;jpeg;jpe;resx;tiff;tif;png;wav;mfcribbon-ms</Extensions>
    </Filter>
    <Filter Include="Header Files\ZKProtocols">
      <UniqueIdentifier>{12c71d7e-8484-48a1-8264-972a79695fd1}</UniqueIdentifier>
    </Filter>
    <Filter Include="Source Files\ZKProtocols">
      <UniqueIdentifier>{af3a7d39-dad9-45ab-a219-e7a7bdfe3a38}</UniqueIdentifier>
    </Filter>
    <Filter Include="Header Files\Algorithms">
      <UniqueIdentifier>{220f6c4d-d30a-43b6-aa83-456e3e3aceb6}</UniqueIdentifier>
    </Filter>
    <Filter Include="Header Files\Algorithms\GeneralizedAccessStructure">
      <UniqueIdentifier>{6572f0b2-b64b-4eba-ade8-46dd5fa96a39}</UniqueIdentifier>
    </Filter>
    <Filter Include="Header Files\Algorithms\PVSS">
      <UniqueIdentifier>{08133e99-3d98-4669-96e5-d122f2892ac9}</UniqueIdentifier>
    </Filter>
    <Filter Include="Header Files\Algorithms\ESS">
      <UniqueIdentifier>{68aaf428-3a74-419a-aefb-42d1b6356e0e}</UniqueIdentifier>
    </Filter>
    <Filter Include="Source Files\Algorithms">
      <UniqueIdentifier>{5e28a515-a985-475a-863b-02b229592969}</UniqueIdentifier>
    </Filter>
    <Filter Include="Source Files\Algorithms\GeneralizedAccessStructure">
      <UniqueIdentifier>{d680145d-55c4-4b4a-a19d-76131ab6c2d8}</UniqueIdentifier>
    </Filter>
    <Filter Include="Source Files\Algorithms\PVSS">
      <UniqueIdentifier>{6fef93a3-6933-4ff6-abc8-2efbe854898e}</UniqueIdentifier>
    </Filter>
    <Filter Include="Source Files\Algorithms\ESS">
      <UniqueIdentifier>{e69c707b-99c9-402c-a6ba-4ec0ec788f0a}</UniqueIdentifier>
    </Filter>
    <Filter Include="Header Files\Algorithms\PKE">
      <UniqueIdentifier>{90c86f46-327f-4964-9ba3-03df2ab99364}</UniqueIdentifier>
    </Filter>
    <Filter Include="Source Files\Algorithms\PKE">
      <UniqueIdentifier>{4563203c-28fe-4065-a00c-a65d6f722e9e}</UniqueIdentifier>
    </Filter>
  </ItemGroup>
  <ItemGroup>
    <Text Include="ReadMe.txt" />
  </ItemGroup>
  <ItemGroup>
    <ClInclude Include="stdafx.h">
      <Filter>Header Files</Filter>
    </ClInclude>
    <ClInclude Include="resource.h">
      <Filter>Header Files</Filter>
    </ClInclude>
    <ClInclude Include="NativePtr.h">
      <Filter>Header Files</Filter>
    </ClInclude>
    <ClInclude Include="BenalohLeichter.h">
      <Filter>Header Files\Algorithms\GeneralizedAccessStructure</Filter>
    </ClInclude>
    <ClInclude Include="BenalohShare.h">
      <Filter>Header Files\Algorithms\GeneralizedAccessStructure</Filter>
    </ClInclude>
    <ClInclude Include="NTLHelper.h">
      <Filter>Header Files</Filter>
    </ClInclude>
    <ClInclude Include="PrimeGenerator.h">
      <Filter>Header Files</Filter>
    </ClInclude>
    <ClInclude Include="NonInteractiveChaumPedersen.h">
      <Filter>Header Files\ZKProtocols</Filter>
    </ClInclude>
    <ClInclude Include="Schoenmakers.h">
      <Filter>Header Files\Algorithms\PVSS</Filter>
    </ClInclude>
    <ClInclude Include="IShareCollection.h">
      <Filter>Header Files\Algorithms</Filter>
    </ClInclude>
    <ClInclude Include="ISecretShare.h">
      <Filter>Header Files\Algorithms</Filter>
    </ClInclude>
    <ClInclude Include="PublicKeyEncryption.h">
      <Filter>Header Files\Algorithms\PKE</Filter>
    </ClInclude>
    <ClInclude Include="Shamir.h">
      <Filter>Header Files\Algorithms\ESS</Filter>
    </ClInclude>
    <ClInclude Include="ShamirShare.h">
      <Filter>Header Files\Algorithms\ESS</Filter>
    </ClInclude>
    <ClInclude Include="SchoenmakersShare.h">
      <Filter>Header Files\Algorithms\PVSS</Filter>
    </ClInclude>
    <ClInclude Include="LoadedPrimeNumber.h">
      <Filter>Header Files</Filter>
    </ClInclude>
  </ItemGroup>
  <ItemGroup>
    <ResourceCompile Include="app.rc">
      <Filter>Resource Files</Filter>
    </ResourceCompile>
  </ItemGroup>
  <ItemGroup>
    <ClCompile Include="AssemblyInfo.cpp">
      <Filter>Source Files</Filter>
    </ClCompile>
    <ClCompile Include="stdafx.cpp">
      <Filter>Source Files</Filter>
    </ClCompile>
    <ClCompile Include="Main.cpp">
      <Filter>Source Files</Filter>
    </ClCompile>
    <ClCompile Include="BenalohLeichter.cpp">
      <Filter>Source Files\Algorithms\GeneralizedAccessStructure</Filter>
    </ClCompile>
    <ClCompile Include="BenalohShare.cpp">
      <Filter>Source Files\Algorithms\GeneralizedAccessStructure</Filter>
    </ClCompile>
    <ClCompile Include="PrimeGenerator.cpp">
      <Filter>Source Files</Filter>
    </ClCompile>
    <ClCompile Include="NonInteractiveChaumPedersen.cpp">
      <Filter>Source Files\ZKProtocols</Filter>
    </ClCompile>
    <ClCompile Include="Schoenmakers.cpp">
      <Filter>Source Files\Algorithms\PVSS</Filter>
    </ClCompile>
    <ClCompile Include="Shamir.cpp">
      <Filter>Source Files\Algorithms\ESS</Filter>
    </ClCompile>
    <ClCompile Include="ShareCollection.cpp">
      <Filter>Source Files\Algorithms\ESS</Filter>
    </ClCompile>
    <ClCompile Include="PublicKeyEncryption.cpp">
      <Filter>Source Files\Algorithms\PKE</Filter>
    </ClCompile>
    <ClCompile Include="SchoenmakersShare.cpp">
      <Filter>Source Files\Algorithms\PVSS</Filter>
    </ClCompile>
    <ClCompile Include="LoadedPrimeNumber.cpp">
      <Filter>Source Files</Filter>
    </ClCompile>
  </ItemGroup>
  <ItemGroup>
    <Image Include="app.ico">
      <Filter>Resource Files</Filter>
    </Image>
  </ItemGroup>
</Project>