
Microsoft Visual Studio Solution File, Format Version 12.00
# Visual Studio 2013
VisualStudioVersion = 12.0.30501.0
MinimumVisualStudioVersion = 10.0.40219.1
Project("{FAE04EC0-301F-11D3-BF4B-00C04F79EFBC}") = "SecretSharing.Lib", "SecretSharing.Lib\SecretSharing.Lib.csproj", "{C85B87BE-F4FE-4A94-B9F7-4D4335C667B0}"
EndProject
Project("{FAE04EC0-301F-11D3-BF4B-00C04F79EFBC}") = "SecretSharing.Test", "..\SecretSharing.Test\SecretSharing.Test\SecretSharing.Test.csproj", "{AFDF84B3-2D06-4A7F-A218-F87B25378A57}"
EndProject
Project("{FAE04EC0-301F-11D3-BF4B-00C04F79EFBC}") = "SecretSharing.FiniteField", "SecretSharing.FiniteField\SecretSharing.FiniteField.csproj", "{F12B3BA3-048A-4E4F-AA27-31EF473205E5}"
EndProject
Project("{8BC9CEB8-8B4A-11D0-8D11-00A0C91BC942}") = "GaloisField", "GaloisField\GaloisField.vcxproj", "{4906BD4E-00B5-4757-9FCF-212B76177BA9}"
EndProject
Project("{8BC9CEB8-8B4A-11D0-8D11-00A0C91BC942}") = "ntl", "ntl\ntl.vcxproj", "{7DF8579F-A34C-4530-B81F-20F7207B6373}"
EndProject
Project("{8BC9CEB8-8B4A-11D0-8D11-00A0C91BC942}") = "SecretSharing.Core", "SecretSharing.Lib\SecretSharing.Core\SecretSharing.Core.vcxproj", "{71DC4434-3CE4-4557-B081-4110979B06C8}"
EndProject
Project("{2150E333-8FDC-42A3-9474-1A3956D46DE8}") = "WinNTL-7_0_2", "WinNTL-7_0_2", "{191C8173-8495-4725-A0C7-EB66608F98CB}"
	ProjectSection(SolutionItems) = preProject
		WinNTL-7_0_2\README.txt = WinNTL-7_0_2\README.txt
	EndProjectSection
EndProject
Project("{2150E333-8FDC-42A3-9474-1A3956D46DE8}") = "src", "src", "{90A6FD5C-6B6B-4EEA-861C-AB151E20553F}"
	ProjectSection(SolutionItems) = preProject
		WinNTL-7_0_2\src\c_lip_impl.h = WinNTL-7_0_2\src\c_lip_impl.h
		WinNTL-7_0_2\src\ctools.cpp = WinNTL-7_0_2\src\ctools.cpp
		WinNTL-7_0_2\src\FacVec.cpp = WinNTL-7_0_2\src\FacVec.cpp
		WinNTL-7_0_2\src\FFT.cpp = WinNTL-7_0_2\src\FFT.cpp
		WinNTL-7_0_2\src\fileio.cpp = WinNTL-7_0_2\src\fileio.cpp
		WinNTL-7_0_2\src\g_lip_impl.h = WinNTL-7_0_2\src\g_lip_impl.h
		WinNTL-7_0_2\src\G_LLL_FP.cpp = WinNTL-7_0_2\src\G_LLL_FP.cpp
		WinNTL-7_0_2\src\G_LLL_QP.cpp = WinNTL-7_0_2\src\G_LLL_QP.cpp
		WinNTL-7_0_2\src\G_LLL_RR.cpp = WinNTL-7_0_2\src\G_LLL_RR.cpp
		WinNTL-7_0_2\src\G_LLL_XD.cpp = WinNTL-7_0_2\src\G_LLL_XD.cpp
		WinNTL-7_0_2\src\GetTime.cpp = WinNTL-7_0_2\src\GetTime.cpp
		WinNTL-7_0_2\src\GF2.cpp = WinNTL-7_0_2\src\GF2.cpp
		WinNTL-7_0_2\src\GF2E.cpp = WinNTL-7_0_2\src\GF2E.cpp
		WinNTL-7_0_2\src\GF2EX.cpp = WinNTL-7_0_2\src\GF2EX.cpp
		WinNTL-7_0_2\src\GF2EXFactoring.cpp = WinNTL-7_0_2\src\GF2EXFactoring.cpp
		WinNTL-7_0_2\src\GF2X.cpp = WinNTL-7_0_2\src\GF2X.cpp
		WinNTL-7_0_2\src\GF2X1.cpp = WinNTL-7_0_2\src\GF2X1.cpp
		WinNTL-7_0_2\src\GF2XFactoring.cpp = WinNTL-7_0_2\src\GF2XFactoring.cpp
		WinNTL-7_0_2\src\GF2XVec.cpp = WinNTL-7_0_2\src\GF2XVec.cpp
		WinNTL-7_0_2\src\HNF.cpp = WinNTL-7_0_2\src\HNF.cpp
		WinNTL-7_0_2\src\lip.cpp = WinNTL-7_0_2\src\lip.cpp
		WinNTL-7_0_2\src\LLL.cpp = WinNTL-7_0_2\src\LLL.cpp
		WinNTL-7_0_2\src\LLL_FP.cpp = WinNTL-7_0_2\src\LLL_FP.cpp
		WinNTL-7_0_2\src\LLL_QP.cpp = WinNTL-7_0_2\src\LLL_QP.cpp
		WinNTL-7_0_2\src\LLL_RR.cpp = WinNTL-7_0_2\src\LLL_RR.cpp
		WinNTL-7_0_2\src\LLL_XD.cpp = WinNTL-7_0_2\src\LLL_XD.cpp
		WinNTL-7_0_2\src\lzz_p.cpp = WinNTL-7_0_2\src\lzz_p.cpp
		WinNTL-7_0_2\src\lzz_pE.cpp = WinNTL-7_0_2\src\lzz_pE.cpp
		WinNTL-7_0_2\src\lzz_pEX.cpp = WinNTL-7_0_2\src\lzz_pEX.cpp
		WinNTL-7_0_2\src\lzz_pEXFactoring.cpp = WinNTL-7_0_2\src\lzz_pEXFactoring.cpp
		WinNTL-7_0_2\src\lzz_pX.cpp = WinNTL-7_0_2\src\lzz_pX.cpp
		WinNTL-7_0_2\src\lzz_pX1.cpp = WinNTL-7_0_2\src\lzz_pX1.cpp
		WinNTL-7_0_2\src\lzz_pXCharPoly.cpp = WinNTL-7_0_2\src\lzz_pXCharPoly.cpp
		WinNTL-7_0_2\src\lzz_pXFactoring.cpp = WinNTL-7_0_2\src\lzz_pXFactoring.cpp
		WinNTL-7_0_2\src\mat_GF2.cpp = WinNTL-7_0_2\src\mat_GF2.cpp
		WinNTL-7_0_2\src\mat_GF2E.cpp = WinNTL-7_0_2\src\mat_GF2E.cpp
		WinNTL-7_0_2\src\mat_lzz_p.cpp = WinNTL-7_0_2\src\mat_lzz_p.cpp
		WinNTL-7_0_2\src\mat_lzz_pE.cpp = WinNTL-7_0_2\src\mat_lzz_pE.cpp
		WinNTL-7_0_2\src\mat_poly_lzz_p.cpp = WinNTL-7_0_2\src\mat_poly_lzz_p.cpp
		WinNTL-7_0_2\src\mat_poly_ZZ.cpp = WinNTL-7_0_2\src\mat_poly_ZZ.cpp
		WinNTL-7_0_2\src\mat_poly_ZZ_p.cpp = WinNTL-7_0_2\src\mat_poly_ZZ_p.cpp
		WinNTL-7_0_2\src\mat_RR.cpp = WinNTL-7_0_2\src\mat_RR.cpp
		WinNTL-7_0_2\src\mat_ZZ.cpp = WinNTL-7_0_2\src\mat_ZZ.cpp
		WinNTL-7_0_2\src\mat_ZZ_p.cpp = WinNTL-7_0_2\src\mat_ZZ_p.cpp
		WinNTL-7_0_2\src\mat_ZZ_pE.cpp = WinNTL-7_0_2\src\mat_ZZ_pE.cpp
		WinNTL-7_0_2\src\quad_float.cpp = WinNTL-7_0_2\src\quad_float.cpp
		WinNTL-7_0_2\src\RR.cpp = WinNTL-7_0_2\src\RR.cpp
		WinNTL-7_0_2\src\thread.cpp = WinNTL-7_0_2\src\thread.cpp
		WinNTL-7_0_2\src\tools.cpp = WinNTL-7_0_2\src\tools.cpp
		WinNTL-7_0_2\src\vec_GF2.cpp = WinNTL-7_0_2\src\vec_GF2.cpp
		WinNTL-7_0_2\src\vec_GF2E.cpp = WinNTL-7_0_2\src\vec_GF2E.cpp
		WinNTL-7_0_2\src\vec_lzz_p.cpp = WinNTL-7_0_2\src\vec_lzz_p.cpp
		WinNTL-7_0_2\src\vec_lzz_pE.cpp = WinNTL-7_0_2\src\vec_lzz_pE.cpp
		WinNTL-7_0_2\src\vec_RR.cpp = WinNTL-7_0_2\src\vec_RR.cpp
		WinNTL-7_0_2\src\vec_ZZ.cpp = WinNTL-7_0_2\src\vec_ZZ.cpp
		WinNTL-7_0_2\src\vec_ZZ_p.cpp = WinNTL-7_0_2\src\vec_ZZ_p.cpp
		WinNTL-7_0_2\src\vec_ZZ_pE.cpp = WinNTL-7_0_2\src\vec_ZZ_pE.cpp
		WinNTL-7_0_2\src\WordVector.cpp = WinNTL-7_0_2\src\WordVector.cpp
		WinNTL-7_0_2\src\xdouble.cpp = WinNTL-7_0_2\src\xdouble.cpp
		WinNTL-7_0_2\src\ZZ.cpp = WinNTL-7_0_2\src\ZZ.cpp
		WinNTL-7_0_2\src\ZZ_p.cpp = WinNTL-7_0_2\src\ZZ_p.cpp
		WinNTL-7_0_2\src\ZZ_pE.cpp = WinNTL-7_0_2\src\ZZ_pE.cpp
		WinNTL-7_0_2\src\ZZ_pEX.cpp = WinNTL-7_0_2\src\ZZ_pEX.cpp
		WinNTL-7_0_2\src\ZZ_pEXFactoring.cpp = WinNTL-7_0_2\src\ZZ_pEXFactoring.cpp
		WinNTL-7_0_2\src\ZZ_pX.cpp = WinNTL-7_0_2\src\ZZ_pX.cpp
		WinNTL-7_0_2\src\ZZ_pX1.cpp = WinNTL-7_0_2\src\ZZ_pX1.cpp
		WinNTL-7_0_2\src\ZZ_pXCharPoly.cpp = WinNTL-7_0_2\src\ZZ_pXCharPoly.cpp
		WinNTL-7_0_2\src\ZZ_pXFactoring.cpp = WinNTL-7_0_2\src\ZZ_pXFactoring.cpp
		WinNTL-7_0_2\src\ZZVec.cpp = WinNTL-7_0_2\src\ZZVec.cpp
		WinNTL-7_0_2\src\ZZX.cpp = WinNTL-7_0_2\src\ZZX.cpp
		WinNTL-7_0_2\src\ZZX1.cpp = WinNTL-7_0_2\src\ZZX1.cpp
		WinNTL-7_0_2\src\ZZXCharPoly.cpp = WinNTL-7_0_2\src\ZZXCharPoly.cpp
		WinNTL-7_0_2\src\ZZXFactoring.cpp = WinNTL-7_0_2\src\ZZXFactoring.cpp
	EndProjectSection
EndProject
Project("{2150E333-8FDC-42A3-9474-1A3956D46DE8}") = "include", "include", "{F1875E10-153A-4852-AC52-1DCC5347F79A}"
EndProject
Project("{2150E333-8FDC-42A3-9474-1A3956D46DE8}") = "NTL", "NTL", "{031AAAD5-DC34-4695-A70F-704EC546F97E}"
	ProjectSection(SolutionItems) = preProject
		WinNTL-7_0_2\include\NTL\c_lip.h = WinNTL-7_0_2\include\NTL\c_lip.h
		WinNTL-7_0_2\include\NTL\config.h = WinNTL-7_0_2\include\NTL\config.h
		WinNTL-7_0_2\include\NTL\ctools.h = WinNTL-7_0_2\include\NTL\ctools.h
		WinNTL-7_0_2\include\NTL\def_config.h = WinNTL-7_0_2\include\NTL\def_config.h
		WinNTL-7_0_2\include\NTL\FacVec.h = WinNTL-7_0_2\include\NTL\FacVec.h
		WinNTL-7_0_2\include\NTL\FFT.h = WinNTL-7_0_2\include\NTL\FFT.h
		WinNTL-7_0_2\include\NTL\fileio.h = WinNTL-7_0_2\include\NTL\fileio.h
		WinNTL-7_0_2\include\NTL\g_lip.h = WinNTL-7_0_2\include\NTL\g_lip.h
		WinNTL-7_0_2\include\NTL\GF2.h = WinNTL-7_0_2\include\NTL\GF2.h
		WinNTL-7_0_2\include\NTL\GF2E.h = WinNTL-7_0_2\include\NTL\GF2E.h
		WinNTL-7_0_2\include\NTL\GF2EX.h = WinNTL-7_0_2\include\NTL\GF2EX.h
		WinNTL-7_0_2\include\NTL\GF2EXFactoring.h = WinNTL-7_0_2\include\NTL\GF2EXFactoring.h
		WinNTL-7_0_2\include\NTL\GF2X.h = WinNTL-7_0_2\include\NTL\GF2X.h
		WinNTL-7_0_2\include\NTL\GF2XFactoring.h = WinNTL-7_0_2\include\NTL\GF2XFactoring.h
		WinNTL-7_0_2\include\NTL\GF2XVec.h = WinNTL-7_0_2\include\NTL\GF2XVec.h
		WinNTL-7_0_2\include\NTL\HNF.h = WinNTL-7_0_2\include\NTL\HNF.h
		WinNTL-7_0_2\include\NTL\Lazy.h = WinNTL-7_0_2\include\NTL\Lazy.h
		WinNTL-7_0_2\include\NTL\LazyTable.h = WinNTL-7_0_2\include\NTL\LazyTable.h
		WinNTL-7_0_2\include\NTL\lip.h = WinNTL-7_0_2\include\NTL\lip.h
		WinNTL-7_0_2\include\NTL\LLL.h = WinNTL-7_0_2\include\NTL\LLL.h
		WinNTL-7_0_2\include\NTL\lzz_p.h = WinNTL-7_0_2\include\NTL\lzz_p.h
		WinNTL-7_0_2\include\NTL\lzz_pE.h = WinNTL-7_0_2\include\NTL\lzz_pE.h
		WinNTL-7_0_2\include\NTL\lzz_pEX.h = WinNTL-7_0_2\include\NTL\lzz_pEX.h
		WinNTL-7_0_2\include\NTL\lzz_pEXFactoring.h = WinNTL-7_0_2\include\NTL\lzz_pEXFactoring.h
		WinNTL-7_0_2\include\NTL\lzz_pX.h = WinNTL-7_0_2\include\NTL\lzz_pX.h
		WinNTL-7_0_2\include\NTL\lzz_pXFactoring.h = WinNTL-7_0_2\include\NTL\lzz_pXFactoring.h
		WinNTL-7_0_2\include\NTL\mach_desc.h = WinNTL-7_0_2\include\NTL\mach_desc.h
		WinNTL-7_0_2\include\NTL\mat_GF2.h = WinNTL-7_0_2\include\NTL\mat_GF2.h
		WinNTL-7_0_2\include\NTL\mat_GF2E.h = WinNTL-7_0_2\include\NTL\mat_GF2E.h
		WinNTL-7_0_2\include\NTL\mat_lzz_p.h = WinNTL-7_0_2\include\NTL\mat_lzz_p.h
		WinNTL-7_0_2\include\NTL\mat_lzz_pE.h = WinNTL-7_0_2\include\NTL\mat_lzz_pE.h
		WinNTL-7_0_2\include\NTL\mat_poly_lzz_p.h = WinNTL-7_0_2\include\NTL\mat_poly_lzz_p.h
		WinNTL-7_0_2\include\NTL\mat_poly_ZZ.h = WinNTL-7_0_2\include\NTL\mat_poly_ZZ.h
		WinNTL-7_0_2\include\NTL\mat_poly_ZZ_p.h = WinNTL-7_0_2\include\NTL\mat_poly_ZZ_p.h
		WinNTL-7_0_2\include\NTL\mat_RR.h = WinNTL-7_0_2\include\NTL\mat_RR.h
		WinNTL-7_0_2\include\NTL\mat_ZZ.h = WinNTL-7_0_2\include\NTL\mat_ZZ.h
		WinNTL-7_0_2\include\NTL\mat_ZZ_p.h = WinNTL-7_0_2\include\NTL\mat_ZZ_p.h
		WinNTL-7_0_2\include\NTL\mat_ZZ_pE.h = WinNTL-7_0_2\include\NTL\mat_ZZ_pE.h
		WinNTL-7_0_2\include\NTL\matrix.h = WinNTL-7_0_2\include\NTL\matrix.h
		WinNTL-7_0_2\include\NTL\new.h = WinNTL-7_0_2\include\NTL\new.h
		WinNTL-7_0_2\include\NTL\pair.h = WinNTL-7_0_2\include\NTL\pair.h
		WinNTL-7_0_2\include\NTL\pair_GF2EX_long.h = WinNTL-7_0_2\include\NTL\pair_GF2EX_long.h
		WinNTL-7_0_2\include\NTL\pair_GF2X_long.h = WinNTL-7_0_2\include\NTL\pair_GF2X_long.h
		WinNTL-7_0_2\include\NTL\pair_lzz_pEX_long.h = WinNTL-7_0_2\include\NTL\pair_lzz_pEX_long.h
		WinNTL-7_0_2\include\NTL\pair_lzz_pX_long.h = WinNTL-7_0_2\include\NTL\pair_lzz_pX_long.h
		WinNTL-7_0_2\include\NTL\pair_ZZ_pEX_long.h = WinNTL-7_0_2\include\NTL\pair_ZZ_pEX_long.h
		WinNTL-7_0_2\include\NTL\pair_ZZ_pX_long.h = WinNTL-7_0_2\include\NTL\pair_ZZ_pX_long.h
		WinNTL-7_0_2\include\NTL\pair_ZZX_long.h = WinNTL-7_0_2\include\NTL\pair_ZZX_long.h
		WinNTL-7_0_2\include\NTL\quad_float.h = WinNTL-7_0_2\include\NTL\quad_float.h
		WinNTL-7_0_2\include\NTL\RR.h = WinNTL-7_0_2\include\NTL\RR.h
		WinNTL-7_0_2\include\NTL\SmartPtr.h = WinNTL-7_0_2\include\NTL\SmartPtr.h
		WinNTL-7_0_2\include\NTL\SPMM_ASM.h = WinNTL-7_0_2\include\NTL\SPMM_ASM.h
		WinNTL-7_0_2\include\NTL\thread.h = WinNTL-7_0_2\include\NTL\thread.h
		WinNTL-7_0_2\include\NTL\tools.h = WinNTL-7_0_2\include\NTL\tools.h
		WinNTL-7_0_2\include\NTL\vec_double.h = WinNTL-7_0_2\include\NTL\vec_double.h
		WinNTL-7_0_2\include\NTL\vec_GF2.h = WinNTL-7_0_2\include\NTL\vec_GF2.h
		WinNTL-7_0_2\include\NTL\vec_GF2E.h = WinNTL-7_0_2\include\NTL\vec_GF2E.h
		WinNTL-7_0_2\include\NTL\vec_GF2XVec.h = WinNTL-7_0_2\include\NTL\vec_GF2XVec.h
		WinNTL-7_0_2\include\NTL\vec_long.h = WinNTL-7_0_2\include\NTL\vec_long.h
		WinNTL-7_0_2\include\NTL\vec_lzz_p.h = WinNTL-7_0_2\include\NTL\vec_lzz_p.h
		WinNTL-7_0_2\include\NTL\vec_lzz_pE.h = WinNTL-7_0_2\include\NTL\vec_lzz_pE.h
		WinNTL-7_0_2\include\NTL\vec_quad_float.h = WinNTL-7_0_2\include\NTL\vec_quad_float.h
		WinNTL-7_0_2\include\NTL\vec_RR.h = WinNTL-7_0_2\include\NTL\vec_RR.h
		WinNTL-7_0_2\include\NTL\vec_ulong.h = WinNTL-7_0_2\include\NTL\vec_ulong.h
		WinNTL-7_0_2\include\NTL\vec_vec_GF2.h = WinNTL-7_0_2\include\NTL\vec_vec_GF2.h
		WinNTL-7_0_2\include\NTL\vec_vec_GF2E.h = WinNTL-7_0_2\include\NTL\vec_vec_GF2E.h
		WinNTL-7_0_2\include\NTL\vec_vec_long.h = WinNTL-7_0_2\include\NTL\vec_vec_long.h
		WinNTL-7_0_2\include\NTL\vec_vec_lzz_p.h = WinNTL-7_0_2\include\NTL\vec_vec_lzz_p.h
		WinNTL-7_0_2\include\NTL\vec_vec_lzz_pE.h = WinNTL-7_0_2\include\NTL\vec_vec_lzz_pE.h
		WinNTL-7_0_2\include\NTL\vec_vec_RR.h = WinNTL-7_0_2\include\NTL\vec_vec_RR.h
		WinNTL-7_0_2\include\NTL\vec_vec_ulong.h = WinNTL-7_0_2\include\NTL\vec_vec_ulong.h
		WinNTL-7_0_2\include\NTL\vec_vec_ZZ.h = WinNTL-7_0_2\include\NTL\vec_vec_ZZ.h
		WinNTL-7_0_2\include\NTL\vec_vec_ZZ_p.h = WinNTL-7_0_2\include\NTL\vec_vec_ZZ_p.h
		WinNTL-7_0_2\include\NTL\vec_vec_ZZ_pE.h = WinNTL-7_0_2\include\NTL\vec_vec_ZZ_pE.h
		WinNTL-7_0_2\include\NTL\vec_xdouble.h = WinNTL-7_0_2\include\NTL\vec_xdouble.h
		WinNTL-7_0_2\include\NTL\vec_ZZ.h = WinNTL-7_0_2\include\NTL\vec_ZZ.h
		WinNTL-7_0_2\include\NTL\vec_ZZ_p.h = WinNTL-7_0_2\include\NTL\vec_ZZ_p.h
		WinNTL-7_0_2\include\NTL\vec_ZZ_pE.h = WinNTL-7_0_2\include\NTL\vec_ZZ_pE.h
		WinNTL-7_0_2\include\NTL\vec_ZZVec.h = WinNTL-7_0_2\include\NTL\vec_ZZVec.h
		WinNTL-7_0_2\include\NTL\vector.h = WinNTL-7_0_2\include\NTL\vector.h
		WinNTL-7_0_2\include\NTL\version.h = WinNTL-7_0_2\include\NTL\version.h
		WinNTL-7_0_2\include\NTL\WordVector.h = WinNTL-7_0_2\include\NTL\WordVector.h
		WinNTL-7_0_2\include\NTL\xdouble.h = WinNTL-7_0_2\include\NTL\xdouble.h
		WinNTL-7_0_2\include\NTL\ZZ.h = WinNTL-7_0_2\include\NTL\ZZ.h
		WinNTL-7_0_2\include\NTL\ZZ_p.h = WinNTL-7_0_2\include\NTL\ZZ_p.h
		WinNTL-7_0_2\include\NTL\ZZ_pE.h = WinNTL-7_0_2\include\NTL\ZZ_pE.h
		WinNTL-7_0_2\include\NTL\ZZ_pEX.h = WinNTL-7_0_2\include\NTL\ZZ_pEX.h
		WinNTL-7_0_2\include\NTL\ZZ_pEXFactoring.h = WinNTL-7_0_2\include\NTL\ZZ_pEXFactoring.h
		WinNTL-7_0_2\include\NTL\ZZ_pX.h = WinNTL-7_0_2\include\NTL\ZZ_pX.h
		WinNTL-7_0_2\include\NTL\ZZ_pXFactoring.h = WinNTL-7_0_2\include\NTL\ZZ_pXFactoring.h
		WinNTL-7_0_2\include\NTL\ZZVec.h = WinNTL-7_0_2\include\NTL\ZZVec.h
		WinNTL-7_0_2\include\NTL\ZZX.h = WinNTL-7_0_2\include\NTL\ZZX.h
		WinNTL-7_0_2\include\NTL\ZZXFactoring.h = WinNTL-7_0_2\include\NTL\ZZXFactoring.h
	EndProjectSection
EndProject
Global
	GlobalSection(SolutionConfigurationPlatforms) = preSolution
		Debug|Any CPU = Debug|Any CPU
		Debug|Mixed Platforms = Debug|Mixed Platforms
		Debug|Win32 = Debug|Win32
		Release|Any CPU = Release|Any CPU
		Release|Mixed Platforms = Release|Mixed Platforms
		Release|Win32 = Release|Win32
	EndGlobalSection
	GlobalSection(ProjectConfigurationPlatforms) = postSolution
		{C85B87BE-F4FE-4A94-B9F7-4D4335C667B0}.Debug|Any CPU.ActiveCfg = Debug|Any CPU
		{C85B87BE-F4FE-4A94-B9F7-4D4335C667B0}.Debug|Any CPU.Build.0 = Debug|Any CPU
		{C85B87BE-F4FE-4A94-B9F7-4D4335C667B0}.Debug|Mixed Platforms.ActiveCfg = Debug|Any CPU
		{C85B87BE-F4FE-4A94-B9F7-4D4335C667B0}.Debug|Mixed Platforms.Build.0 = Debug|Any CPU
		{C85B87BE-F4FE-4A94-B9F7-4D4335C667B0}.Debug|Win32.ActiveCfg = Debug|Any CPU
		{C85B87BE-F4FE-4A94-B9F7-4D4335C667B0}.Release|Any CPU.ActiveCfg = Release|Any CPU
		{C85B87BE-F4FE-4A94-B9F7-4D4335C667B0}.Release|Any CPU.Build.0 = Release|Any CPU
		{C85B87BE-F4FE-4A94-B9F7-4D4335C667B0}.Release|Mixed Platforms.ActiveCfg = Release|Any CPU
		{C85B87BE-F4FE-4A94-B9F7-4D4335C667B0}.Release|Mixed Platforms.Build.0 = Release|Any CPU
		{C85B87BE-F4FE-4A94-B9F7-4D4335C667B0}.Release|Win32.ActiveCfg = Release|Any CPU
		{AFDF84B3-2D06-4A7F-A218-F87B25378A57}.Debug|Any CPU.ActiveCfg = Debug|Any CPU
		{AFDF84B3-2D06-4A7F-A218-F87B25378A57}.Debug|Any CPU.Build.0 = Debug|Any CPU
		{AFDF84B3-2D06-4A7F-A218-F87B25378A57}.Debug|Mixed Platforms.ActiveCfg = Debug|Any CPU
		{AFDF84B3-2D06-4A7F-A218-F87B25378A57}.Debug|Mixed Platforms.Build.0 = Debug|Any CPU
		{AFDF84B3-2D06-4A7F-A218-F87B25378A57}.Debug|Win32.ActiveCfg = Debug|Any CPU
		{AFDF84B3-2D06-4A7F-A218-F87B25378A57}.Release|Any CPU.ActiveCfg = Release|Any CPU
		{AFDF84B3-2D06-4A7F-A218-F87B25378A57}.Release|Any CPU.Build.0 = Release|Any CPU
		{AFDF84B3-2D06-4A7F-A218-F87B25378A57}.Release|Mixed Platforms.ActiveCfg = Release|Any CPU
		{AFDF84B3-2D06-4A7F-A218-F87B25378A57}.Release|Mixed Platforms.Build.0 = Release|Any CPU
		{AFDF84B3-2D06-4A7F-A218-F87B25378A57}.Release|Win32.ActiveCfg = Release|Any CPU
		{F12B3BA3-048A-4E4F-AA27-31EF473205E5}.Debug|Any CPU.ActiveCfg = Debug|Any CPU
		{F12B3BA3-048A-4E4F-AA27-31EF473205E5}.Debug|Any CPU.Build.0 = Debug|Any CPU
		{F12B3BA3-048A-4E4F-AA27-31EF473205E5}.Debug|Mixed Platforms.ActiveCfg = Debug|Any CPU
		{F12B3BA3-048A-4E4F-AA27-31EF473205E5}.Debug|Mixed Platforms.Build.0 = Debug|Any CPU
		{F12B3BA3-048A-4E4F-AA27-31EF473205E5}.Debug|Win32.ActiveCfg = Debug|Any CPU
		{F12B3BA3-048A-4E4F-AA27-31EF473205E5}.Release|Any CPU.ActiveCfg = Release|Any CPU
		{F12B3BA3-048A-4E4F-AA27-31EF473205E5}.Release|Any CPU.Build.0 = Release|Any CPU
		{F12B3BA3-048A-4E4F-AA27-31EF473205E5}.Release|Mixed Platforms.ActiveCfg = Release|Any CPU
		{F12B3BA3-048A-4E4F-AA27-31EF473205E5}.Release|Mixed Platforms.Build.0 = Release|Any CPU
		{F12B3BA3-048A-4E4F-AA27-31EF473205E5}.Release|Win32.ActiveCfg = Release|Any CPU
		{4906BD4E-00B5-4757-9FCF-212B76177BA9}.Debug|Any CPU.ActiveCfg = Debug|Win32
		{4906BD4E-00B5-4757-9FCF-212B76177BA9}.Debug|Mixed Platforms.ActiveCfg = Debug|Win32
		{4906BD4E-00B5-4757-9FCF-212B76177BA9}.Debug|Mixed Platforms.Build.0 = Debug|Win32
		{4906BD4E-00B5-4757-9FCF-212B76177BA9}.Debug|Win32.ActiveCfg = Debug|Win32
		{4906BD4E-00B5-4757-9FCF-212B76177BA9}.Debug|Win32.Build.0 = Debug|Win32
		{4906BD4E-00B5-4757-9FCF-212B76177BA9}.Release|Any CPU.ActiveCfg = Release|Win32
		{4906BD4E-00B5-4757-9FCF-212B76177BA9}.Release|Mixed Platforms.ActiveCfg = Release|Win32
		{4906BD4E-00B5-4757-9FCF-212B76177BA9}.Release|Mixed Platforms.Build.0 = Release|Win32
		{4906BD4E-00B5-4757-9FCF-212B76177BA9}.Release|Win32.ActiveCfg = Release|Win32
		{4906BD4E-00B5-4757-9FCF-212B76177BA9}.Release|Win32.Build.0 = Release|Win32
		{7DF8579F-A34C-4530-B81F-20F7207B6373}.Debug|Any CPU.ActiveCfg = Debug|Win32
		{7DF8579F-A34C-4530-B81F-20F7207B6373}.Debug|Mixed Platforms.ActiveCfg = Debug|Win32
		{7DF8579F-A34C-4530-B81F-20F7207B6373}.Debug|Mixed Platforms.Build.0 = Debug|Win32
		{7DF8579F-A34C-4530-B81F-20F7207B6373}.Debug|Win32.ActiveCfg = Debug|Win32
		{7DF8579F-A34C-4530-B81F-20F7207B6373}.Debug|Win32.Build.0 = Debug|Win32
		{7DF8579F-A34C-4530-B81F-20F7207B6373}.Release|Any CPU.ActiveCfg = Release|Win32
		{7DF8579F-A34C-4530-B81F-20F7207B6373}.Release|Mixed Platforms.ActiveCfg = Release|Win32
		{7DF8579F-A34C-4530-B81F-20F7207B6373}.Release|Mixed Platforms.Build.0 = Release|Win32
		{7DF8579F-A34C-4530-B81F-20F7207B6373}.Release|Win32.ActiveCfg = Release|Win32
		{7DF8579F-A34C-4530-B81F-20F7207B6373}.Release|Win32.Build.0 = Release|Win32
		{71DC4434-3CE4-4557-B081-4110979B06C8}.Debug|Any CPU.ActiveCfg = Debug|Win32
		{71DC4434-3CE4-4557-B081-4110979B06C8}.Debug|Mixed Platforms.ActiveCfg = Debug|Win32
		{71DC4434-3CE4-4557-B081-4110979B06C8}.Debug|Mixed Platforms.Build.0 = Debug|Win32
		{71DC4434-3CE4-4557-B081-4110979B06C8}.Debug|Win32.ActiveCfg = Debug|Win32
		{71DC4434-3CE4-4557-B081-4110979B06C8}.Debug|Win32.Build.0 = Debug|Win32
		{71DC4434-3CE4-4557-B081-4110979B06C8}.Release|Any CPU.ActiveCfg = Release|Win32
		{71DC4434-3CE4-4557-B081-4110979B06C8}.Release|Mixed Platforms.ActiveCfg = Release|Win32
		{71DC4434-3CE4-4557-B081-4110979B06C8}.Release|Mixed Platforms.Build.0 = Release|Win32
		{71DC4434-3CE4-4557-B081-4110979B06C8}.Release|Win32.ActiveCfg = Release|Win32
		{71DC4434-3CE4-4557-B081-4110979B06C8}.Release|Win32.Build.0 = Release|Win32
	EndGlobalSection
	GlobalSection(SolutionProperties) = preSolution
		HideSolutionNode = FALSE
	EndGlobalSection
	GlobalSection(NestedProjects) = preSolution
		{90A6FD5C-6B6B-4EEA-861C-AB151E20553F} = {191C8173-8495-4725-A0C7-EB66608F98CB}
		{F1875E10-153A-4852-AC52-1DCC5347F79A} = {191C8173-8495-4725-A0C7-EB66608F98CB}
		{031AAAD5-DC34-4695-A70F-704EC546F97E} = {F1875E10-153A-4852-AC52-1DCC5347F79A}
	EndGlobalSection
EndGlobal
