
Microsoft Visual Studio Solution File, Format Version 12.00
# Visual Studio 2013
VisualStudioVersion = 12.0.21005.1
MinimumVisualStudioVersion = 10.0.40219.1
Project("{8BC9CEB8-8B4A-11D0-8D11-00A0C91BC942}") = "ntl", "ntl\ntl.vcxproj", "{7DF8579F-A34C-4530-B81F-20F7207B6373}"
EndProject
Project("{8BC9CEB8-8B4A-11D0-8D11-00A0C91BC942}") = "SecretSharing.Core", "SecretSharing.Core\SecretSharing.Core.vcxproj", "{71DC4434-3CE4-4557-B081-4110979B06C8}"
	ProjectSection(ProjectDependencies) = postProject
		{7DF8579F-A34C-4530-B81F-20F7207B6373} = {7DF8579F-A34C-4530-B81F-20F7207B6373}
	EndProjectSection
EndProject
Project("{FAE04EC0-301F-11D3-BF4B-00C04F79EFBC}") = "SecretSharing.Test", "SecretSharing.Test\SecretSharing.Test.csproj", "{AFDF84B3-2D06-4A7F-A218-F87B25378A57}"
EndProject
Project("{FAE04EC0-301F-11D3-BF4B-00C04F79EFBC}") = "SecretSharing.OptimalThreshold", "SecretSharing.OptimalThreshold\SecretSharing.OptimalThreshold.csproj", "{C645E737-2F40-4258-8839-2A0138649400}"
EndProject
Project("{2150E333-8FDC-42A3-9474-1A3956D46DE8}") = "WinNTL-7_0_2", "WinNTL-7_0_2", "{191C8173-8495-4725-A0C7-EB66608F98CB}"
	ProjectSection(SolutionItems) = preProject
		WinNTL-7_0_2\README.txt = WinNTL-7_0_2\README.txt
	EndProjectSection
EndProject
Project("{2150E333-8FDC-42A3-9474-1A3956D46DE8}") = "src", "src", "{90A6FD5C-6B6B-4EEA-861C-AB151E20553F}"
	ProjectSection(SolutionItems) = preProject
		WinNTL-7_0_2\src\c_lip_impl.h = WinNTL-7_0_2\src\c_lip_impl.h
		WinNTL-7_0_2\src\ctools.cpp = WinNTL-7_0_2\src\ctools.cpp
		WinNTL-7_0_2\src\FacVec.cpp = WinNTL-7_0_2\src\FacVec.cpp
		WinNTL-7_0_2\src\FFT.cpp = WinNTL-7_0_2\src\FFT.cpp
		WinNTL-7_0_2\src\fileio.cpp = WinNTL-7_0_2\src\fileio.cpp
		WinNTL-7_0_2\src\g_lip_impl.h = WinNTL-7_0_2\src\g_lip_impl.h
		WinNTL-7_0_2\src\G_LLL_FP.cpp = WinNTL-7_0_2\src\G_LLL_FP.cpp
		WinNTL-7_0_2\src\G_LLL_QP.cpp = WinNTL-7_0_2\src\G_LLL_QP.cpp
		WinNTL-7_0_2\src\G_LLL_RR.cpp = WinNTL-7_0_2\src\G_LLL_RR.cpp
		WinNTL-7_0_2\src\G_LLL_XD.cpp = WinNTL-7_0_2\src\G_LLL_XD.cpp
		WinNTL-7_0_2\src\GetTime.cpp = WinNTL-7_0_2\src\GetTime.cpp
		WinNTL-7_0_2\src\GF2.cpp = WinNTL-7_0_2\src\GF2.cpp
		WinNTL-7_0_2\src\GF2E.cpp = WinNTL-7_0_2\src\GF2E.cpp
		WinNTL-7_0_2\src\GF2EX.cpp = WinNTL-7_0_2\src\GF2EX.cpp
		WinNTL-7_0_2\src\GF2EXFactoring.cpp = WinNTL-7_0_2\src\GF2EXFactoring.cpp
		WinNTL-7_0_2\src\GF2X.cpp = WinNTL-7_0_2\src\GF2X.cpp
		WinNTL-7_0_2\src\GF2X1.cpp = WinNTL-7_0_2\src\GF2X1.cpp
		WinNTL-7_0_2\src\GF2XFactoring.cpp = WinNTL-7_0_2\src\GF2XFactoring.cpp
		WinNTL-7_0_2\src\GF2XVec.cpp = WinNTL-7_0_2\src\GF2XVec.cpp
		WinNTL-7_0_2\src\HNF.cpp = WinNTL-7_0_2\src\HNF.cpp
		WinNTL-7_0_2\src\lip.cpp = WinNTL-7_0_2\src\lip.cpp
		WinNTL-7_0_2\src\LLL.cpp = WinNTL-7_0_2\src\LLL.cpp
		WinNTL-7_0_2\src\LLL_FP.cpp = WinNTL-7_0_2\src\LLL_FP.cpp
		WinNTL-7_0_2\src\LLL_QP.cpp = WinNTL-7_0_2\src\LLL_QP.cpp
		WinNTL-7_0_2\src\LLL_RR.cpp = WinNTL-7_0_2\src\LLL_RR.cpp
		WinNTL-7_0_2\src\LLL_XD.cpp = WinNTL-7_0_2\src\LLL_XD.cpp
		WinNTL-7_0_2\src\lzz_p.cpp = WinNTL-7_0_2\src\lzz_p.cpp
		WinNTL-7_0_2\src\lzz_pE.cpp = WinNTL-7_0_2\src\lzz_pE.cpp
		WinNTL-7_0_2\src\lzz_pEX.cpp = WinNTL-7_0_2\src\lzz_pEX.cpp
		WinNTL-7_0_2\src\lzz_pEXFactoring.cpp = WinNTL-7_0_2\src\lzz_pEXFactoring.cpp
		WinNTL-7_0_2\src\lzz_pX.cpp = WinNTL-7_0_2\src\lzz_pX.cpp
		WinNTL-7_0_2\src\lzz_pX1.cpp = WinNTL-7_0_2\src\lzz_pX1.cpp
		WinNTL-7_0_2\src\lzz_pXCharPoly.cpp = WinNTL-7_0_2\src\lzz_pXCharPoly.cpp
		WinNTL-7_0_2\src\lzz_pXFactoring.cpp = WinNTL-7_0_2\src\lzz_pXFactoring.cpp
		WinNTL-7_0_2\src\mat_GF2.cpp = WinNTL-7_0_2\src\mat_GF2.cpp
		WinNTL-7_0_2\src\mat_GF2E.cpp = WinNTL-7_0_2\src\mat_GF2E.cpp
		WinNTL-7_0_2\src\mat_lzz_p.cpp = WinNTL-7_0_2\src\mat_lzz_p.cpp
		WinNTL-7_0_2\src\mat_lzz_pE.cpp = WinNTL-7_0_2\src\mat_lzz_pE.cpp
		WinNTL-7_0_2\src\mat_poly_lzz_p.cpp = WinNTL-7_0_2\src\mat_poly_lzz_p.cpp
		WinNTL-7_0_2\src\mat_poly_ZZ.cpp = WinNTL-7_0_2\src\mat_poly_ZZ.cpp
		WinNTL-7_0_2\src\mat_poly_ZZ_p.cpp = WinNTL-7_0_2\src\mat_poly_ZZ_p.cpp
		WinNTL-7_0_2\src\mat_RR.cpp = WinNTL-7_0_2\src\mat_RR.cpp
		WinNTL-7_0_2\src\mat_ZZ.cpp = WinNTL-7_0_2\src\mat_ZZ.cpp
		WinNTL-7_0_2\src\mat_ZZ_p.cpp = WinNTL-7_0_2\src\mat_ZZ_p.cpp
		WinNTL-7_0_2\src\mat_ZZ_pE.cpp = WinNTL-7_0_2\src\mat_ZZ_pE.cpp
		WinNTL-7_0_2\src\quad_float.cpp = WinNTL-7_0_2\src\quad_float.cpp
		WinNTL-7_0_2\src\RR.cpp = WinNTL-7_0_2\src\RR.cpp
		WinNTL-7_0_2\src\thread.cpp = WinNTL-7_0_2\src\thread.cpp
		WinNTL-7_0_2\src\tools.cpp = WinNTL-7_0_2\src\tools.cpp
		WinNTL-7_0_2\src\vec_GF2.cpp = WinNTL-7_0_2\src\vec_GF2.cpp
		WinNTL-7_0_2\src\vec_GF2E.cpp = WinNTL-7_0_2\src\vec_GF2E.cpp
		WinNTL-7_0_2\src\vec_lzz_p.cpp = WinNTL-7_0_2\src\vec_lzz_p.cpp
		WinNTL-7_0_2\src\vec_lzz_pE.cpp = WinNTL-7_0_2\src\vec_lzz_pE.cpp
		WinNTL-7_0_2\src\vec_RR.cpp = WinNTL-7_0_2\src\vec_RR.cpp
		WinNTL-7_0_2\src\vec_ZZ.cpp = WinNTL-7_0_2\src\vec_ZZ.cpp
		WinNTL-7_0_2\src\vec_ZZ_p.cpp = WinNTL-7_0_2\src\vec_ZZ_p.cpp
		WinNTL-7_0_2\src\vec_ZZ_pE.cpp = WinNTL-7_0_2\src\vec_ZZ_pE.cpp
		WinNTL-7_0_2\src\WordVector.cpp = WinNTL-7_0_2\src\WordVector.cpp
		WinNTL-7_0_2\src\xdouble.cpp = WinNTL-7_0_2\src\xdouble.cpp
		WinNTL-7_0_2\src\ZZ.cpp = WinNTL-7_0_2\src\ZZ.cpp
		WinNTL-7_0_2\src\ZZ_p.cpp = WinNTL-7_0_2\src\ZZ_p.cpp
		WinNTL-7_0_2\src\ZZ_pE.cpp = WinNTL-7_0_2\src\ZZ_pE.cpp
		WinNTL-7_0_2\src\ZZ_pEX.cpp = WinNTL-7_0_2\src\ZZ_pEX.cpp
		WinNTL-7_0_2\src\ZZ_pEXFactoring.cpp = WinNTL-7_0_2\src\ZZ_pEXFactoring.cpp
		WinNTL-7_0_2\src\ZZ_pX.cpp = WinNTL-7_0_2\src\ZZ_pX.cpp
		WinNTL-7_0_2\src\ZZ_pX1.cpp = WinNTL-7_0_2\src\ZZ_pX1.cpp
		WinNTL-7_0_2\src\ZZ_pXCharPoly.cpp = WinNTL-7_0_2\src\ZZ_pXCharPoly.cpp
		WinNTL-7_0_2\src\ZZ_pXFactoring.cpp = WinNTL-7_0_2\src\ZZ_pXFactoring.cpp
		WinNTL-7_0_2\src\ZZVec.cpp = WinNTL-7_0_2\src\ZZVec.cpp
		WinNTL-7_0_2\src\ZZX.cpp = WinNTL-7_0_2\src\ZZX.cpp
		WinNTL-7_0_2\src\ZZX1.cpp = WinNTL-7_0_2\src\ZZX1.cpp
		WinNTL-7_0_2\src\ZZXCharPoly.cpp = WinNTL-7_0_2\src\ZZXCharPoly.cpp
		WinNTL-7_0_2\src\ZZXFactoring.cpp = WinNTL-7_0_2\src\ZZXFactoring.cpp
	EndProjectSection
EndProject
Project("{2150E333-8FDC-42A3-9474-1A3956D46DE8}") = "include", "include", "{F1875E10-153A-4852-AC52-1DCC5347F79A}"
EndProject
Project("{FAE04EC0-301F-11D3-BF4B-00C04F79EFBC}") = "SecretSharing.Benchmark", "SecretSharing.Benchmark\SecretSharing.Benchmark.csproj", "{82E6167F-4494-4B32-8606-0CCC22C3A1EF}"
	ProjectSection(ProjectDependencies) = postProject
		{71DC4434-3CE4-4557-B081-4110979B06C8} = {71DC4434-3CE4-4557-B081-4110979B06C8}
	EndProjectSection
EndProject
Project("{FAE04EC0-301F-11D3-BF4B-00C04F79EFBC}") = "SecretSharing.ThresholdWebsite", "SecretSharing.ThresholdWebsite\SecretSharing.ThresholdWebsite.csproj", "{50909247-DFB8-41DB-8139-6EA4B178F9F9}"
EndProject
Project("{2150E333-8FDC-42A3-9474-1A3956D46DE8}") = "WinNTL-8_1_2", "WinNTL-8_1_2", "{3B6DB51D-36AC-446A-A7E1-A3E22DD7C3D7}"
EndProject
Project("{2150E333-8FDC-42A3-9474-1A3956D46DE8}") = "src (2)", "src (2)", "{CC902F83-4510-4933-B1AD-EE280BBD708D}"
	ProjectSection(SolutionItems) = preProject
		WinNTL-8_1_2\src\c_lip_impl.h = WinNTL-8_1_2\src\c_lip_impl.h
		WinNTL-8_1_2\src\ctools.cpp = WinNTL-8_1_2\src\ctools.cpp
		WinNTL-8_1_2\src\FacVec.cpp = WinNTL-8_1_2\src\FacVec.cpp
		WinNTL-8_1_2\src\FFT.cpp = WinNTL-8_1_2\src\FFT.cpp
		WinNTL-8_1_2\src\fileio.cpp = WinNTL-8_1_2\src\fileio.cpp
		WinNTL-8_1_2\src\g_lip_impl.h = WinNTL-8_1_2\src\g_lip_impl.h
		WinNTL-8_1_2\src\G_LLL_FP.cpp = WinNTL-8_1_2\src\G_LLL_FP.cpp
		WinNTL-8_1_2\src\G_LLL_QP.cpp = WinNTL-8_1_2\src\G_LLL_QP.cpp
		WinNTL-8_1_2\src\G_LLL_RR.cpp = WinNTL-8_1_2\src\G_LLL_RR.cpp
		WinNTL-8_1_2\src\G_LLL_XD.cpp = WinNTL-8_1_2\src\G_LLL_XD.cpp
		WinNTL-8_1_2\src\GetPID.cpp = WinNTL-8_1_2\src\GetPID.cpp
		WinNTL-8_1_2\src\GetTime.cpp = WinNTL-8_1_2\src\GetTime.cpp
		WinNTL-8_1_2\src\GF2.cpp = WinNTL-8_1_2\src\GF2.cpp
		WinNTL-8_1_2\src\GF2E.cpp = WinNTL-8_1_2\src\GF2E.cpp
		WinNTL-8_1_2\src\GF2EX.cpp = WinNTL-8_1_2\src\GF2EX.cpp
		WinNTL-8_1_2\src\GF2EXFactoring.cpp = WinNTL-8_1_2\src\GF2EXFactoring.cpp
		WinNTL-8_1_2\src\GF2X.cpp = WinNTL-8_1_2\src\GF2X.cpp
		WinNTL-8_1_2\src\GF2X1.cpp = WinNTL-8_1_2\src\GF2X1.cpp
		WinNTL-8_1_2\src\GF2XFactoring.cpp = WinNTL-8_1_2\src\GF2XFactoring.cpp
		WinNTL-8_1_2\src\GF2XVec.cpp = WinNTL-8_1_2\src\GF2XVec.cpp
		WinNTL-8_1_2\src\HNF.cpp = WinNTL-8_1_2\src\HNF.cpp
		WinNTL-8_1_2\src\lip.cpp = WinNTL-8_1_2\src\lip.cpp
		WinNTL-8_1_2\src\LLL.cpp = WinNTL-8_1_2\src\LLL.cpp
		WinNTL-8_1_2\src\LLL_FP.cpp = WinNTL-8_1_2\src\LLL_FP.cpp
		WinNTL-8_1_2\src\LLL_QP.cpp = WinNTL-8_1_2\src\LLL_QP.cpp
		WinNTL-8_1_2\src\LLL_RR.cpp = WinNTL-8_1_2\src\LLL_RR.cpp
		WinNTL-8_1_2\src\LLL_XD.cpp = WinNTL-8_1_2\src\LLL_XD.cpp
		WinNTL-8_1_2\src\lzz_p.cpp = WinNTL-8_1_2\src\lzz_p.cpp
		WinNTL-8_1_2\src\lzz_pE.cpp = WinNTL-8_1_2\src\lzz_pE.cpp
		WinNTL-8_1_2\src\lzz_pEX.cpp = WinNTL-8_1_2\src\lzz_pEX.cpp
		WinNTL-8_1_2\src\lzz_pEXFactoring.cpp = WinNTL-8_1_2\src\lzz_pEXFactoring.cpp
		WinNTL-8_1_2\src\lzz_pX.cpp = WinNTL-8_1_2\src\lzz_pX.cpp
		WinNTL-8_1_2\src\lzz_pX1.cpp = WinNTL-8_1_2\src\lzz_pX1.cpp
		WinNTL-8_1_2\src\lzz_pXCharPoly.cpp = WinNTL-8_1_2\src\lzz_pXCharPoly.cpp
		WinNTL-8_1_2\src\lzz_pXFactoring.cpp = WinNTL-8_1_2\src\lzz_pXFactoring.cpp
		WinNTL-8_1_2\src\mat_GF2.cpp = WinNTL-8_1_2\src\mat_GF2.cpp
		WinNTL-8_1_2\src\mat_GF2E.cpp = WinNTL-8_1_2\src\mat_GF2E.cpp
		WinNTL-8_1_2\src\mat_lzz_p.cpp = WinNTL-8_1_2\src\mat_lzz_p.cpp
		WinNTL-8_1_2\src\mat_lzz_pE.cpp = WinNTL-8_1_2\src\mat_lzz_pE.cpp
		WinNTL-8_1_2\src\mat_poly_lzz_p.cpp = WinNTL-8_1_2\src\mat_poly_lzz_p.cpp
		WinNTL-8_1_2\src\mat_poly_ZZ.cpp = WinNTL-8_1_2\src\mat_poly_ZZ.cpp
		WinNTL-8_1_2\src\mat_poly_ZZ_p.cpp = WinNTL-8_1_2\src\mat_poly_ZZ_p.cpp
		WinNTL-8_1_2\src\mat_RR.cpp = WinNTL-8_1_2\src\mat_RR.cpp
		WinNTL-8_1_2\src\mat_ZZ.cpp = WinNTL-8_1_2\src\mat_ZZ.cpp
		WinNTL-8_1_2\src\mat_ZZ_p.cpp = WinNTL-8_1_2\src\mat_ZZ_p.cpp
		WinNTL-8_1_2\src\mat_ZZ_pE.cpp = WinNTL-8_1_2\src\mat_ZZ_pE.cpp
		WinNTL-8_1_2\src\quad_float.cpp = WinNTL-8_1_2\src\quad_float.cpp
		WinNTL-8_1_2\src\RR.cpp = WinNTL-8_1_2\src\RR.cpp
		WinNTL-8_1_2\src\thread.cpp = WinNTL-8_1_2\src\thread.cpp
		WinNTL-8_1_2\src\tools.cpp = WinNTL-8_1_2\src\tools.cpp
		WinNTL-8_1_2\src\vec_GF2.cpp = WinNTL-8_1_2\src\vec_GF2.cpp
		WinNTL-8_1_2\src\vec_GF2E.cpp = WinNTL-8_1_2\src\vec_GF2E.cpp
		WinNTL-8_1_2\src\vec_lzz_p.cpp = WinNTL-8_1_2\src\vec_lzz_p.cpp
		WinNTL-8_1_2\src\vec_lzz_pE.cpp = WinNTL-8_1_2\src\vec_lzz_pE.cpp
		WinNTL-8_1_2\src\vec_RR.cpp = WinNTL-8_1_2\src\vec_RR.cpp
		WinNTL-8_1_2\src\vec_ZZ.cpp = WinNTL-8_1_2\src\vec_ZZ.cpp
		WinNTL-8_1_2\src\vec_ZZ_p.cpp = WinNTL-8_1_2\src\vec_ZZ_p.cpp
		WinNTL-8_1_2\src\vec_ZZ_pE.cpp = WinNTL-8_1_2\src\vec_ZZ_pE.cpp
		WinNTL-8_1_2\src\WordVector.cpp = WinNTL-8_1_2\src\WordVector.cpp
		WinNTL-8_1_2\src\xdouble.cpp = WinNTL-8_1_2\src\xdouble.cpp
		WinNTL-8_1_2\src\ZZ.cpp = WinNTL-8_1_2\src\ZZ.cpp
		WinNTL-8_1_2\src\ZZ_p.cpp = WinNTL-8_1_2\src\ZZ_p.cpp
		WinNTL-8_1_2\src\ZZ_pE.cpp = WinNTL-8_1_2\src\ZZ_pE.cpp
		WinNTL-8_1_2\src\ZZ_pEX.cpp = WinNTL-8_1_2\src\ZZ_pEX.cpp
		WinNTL-8_1_2\src\ZZ_pEXFactoring.cpp = WinNTL-8_1_2\src\ZZ_pEXFactoring.cpp
		WinNTL-8_1_2\src\ZZ_pX.cpp = WinNTL-8_1_2\src\ZZ_pX.cpp
		WinNTL-8_1_2\src\ZZ_pX1.cpp = WinNTL-8_1_2\src\ZZ_pX1.cpp
		WinNTL-8_1_2\src\ZZ_pXCharPoly.cpp = WinNTL-8_1_2\src\ZZ_pXCharPoly.cpp
		WinNTL-8_1_2\src\ZZ_pXFactoring.cpp = WinNTL-8_1_2\src\ZZ_pXFactoring.cpp
		WinNTL-8_1_2\src\ZZVec.cpp = WinNTL-8_1_2\src\ZZVec.cpp
		WinNTL-8_1_2\src\ZZX.cpp = WinNTL-8_1_2\src\ZZX.cpp
		WinNTL-8_1_2\src\ZZX1.cpp = WinNTL-8_1_2\src\ZZX1.cpp
		WinNTL-8_1_2\src\ZZXCharPoly.cpp = WinNTL-8_1_2\src\ZZXCharPoly.cpp
		WinNTL-8_1_2\src\ZZXFactoring.cpp = WinNTL-8_1_2\src\ZZXFactoring.cpp
	EndProjectSection
EndProject
Project("{2150E333-8FDC-42A3-9474-1A3956D46DE8}") = "include (2)", "include (2)", "{35F9F9B9-A7EF-4FFB-B5DA-0AFDC24F4E5A}"
EndProject
Project("{F088123C-0E9E-452A-89E6-6BA2F21D5CAC}") = "ThreatModellingBrainloop", "ThreatModellingBrainloop\ThreatModellingBrainloop.modelproj", "{9B788F74-12B0-4342-AD4F-AF8DE29A8437}"
EndProject
Project("{FAE04EC0-301F-11D3-BF4B-00C04F79EFBC}") = "TestSecretSharingCore", "TestSecretSharingCore\TestSecretSharingCore.csproj", "{A26599F1-9915-447F-B503-EB2595AE7820}"
EndProject
Global
	GlobalSection(SolutionConfigurationPlatforms) = preSolution
		Debug|Any CPU = Debug|Any CPU
		Debug|x64 = Debug|x64
		Debug|x86 = Debug|x86
		Release|Any CPU = Release|Any CPU
		Release|x64 = Release|x64
		Release|x86 = Release|x86
	EndGlobalSection
	GlobalSection(ProjectConfigurationPlatforms) = postSolution
		{7DF8579F-A34C-4530-B81F-20F7207B6373}.Debug|Any CPU.ActiveCfg = Debug|Win32
		{7DF8579F-A34C-4530-B81F-20F7207B6373}.Debug|Any CPU.Build.0 = Debug|Win32
		{7DF8579F-A34C-4530-B81F-20F7207B6373}.Debug|x64.ActiveCfg = Debug|x64
		{7DF8579F-A34C-4530-B81F-20F7207B6373}.Debug|x64.Build.0 = Debug|x64
		{7DF8579F-A34C-4530-B81F-20F7207B6373}.Debug|x86.ActiveCfg = Debug|Win32
		{7DF8579F-A34C-4530-B81F-20F7207B6373}.Debug|x86.Build.0 = Debug|Win32
		{7DF8579F-A34C-4530-B81F-20F7207B6373}.Release|Any CPU.ActiveCfg = Release|Win32
		{7DF8579F-A34C-4530-B81F-20F7207B6373}.Release|x64.ActiveCfg = Release|x64
		{7DF8579F-A34C-4530-B81F-20F7207B6373}.Release|x64.Build.0 = Release|x64
		{7DF8579F-A34C-4530-B81F-20F7207B6373}.Release|x86.ActiveCfg = Release|Win32
		{7DF8579F-A34C-4530-B81F-20F7207B6373}.Release|x86.Build.0 = Release|Win32
		{71DC4434-3CE4-4557-B081-4110979B06C8}.Debug|Any CPU.ActiveCfg = Debug|x64
		{71DC4434-3CE4-4557-B081-4110979B06C8}.Debug|Any CPU.Build.0 = Debug|x64
		{71DC4434-3CE4-4557-B081-4110979B06C8}.Debug|x64.ActiveCfg = Debug|x64
		{71DC4434-3CE4-4557-B081-4110979B06C8}.Debug|x64.Build.0 = Debug|x64
		{71DC4434-3CE4-4557-B081-4110979B06C8}.Debug|x86.ActiveCfg = Debug|Win32
		{71DC4434-3CE4-4557-B081-4110979B06C8}.Debug|x86.Build.0 = Debug|Win32
		{71DC4434-3CE4-4557-B081-4110979B06C8}.Release|Any CPU.ActiveCfg = Release|Win32
		{71DC4434-3CE4-4557-B081-4110979B06C8}.Release|x64.ActiveCfg = Release|x64
		{71DC4434-3CE4-4557-B081-4110979B06C8}.Release|x64.Build.0 = Release|x64
		{71DC4434-3CE4-4557-B081-4110979B06C8}.Release|x86.ActiveCfg = Release|Win32
		{71DC4434-3CE4-4557-B081-4110979B06C8}.Release|x86.Build.0 = Release|Win32
		{AFDF84B3-2D06-4A7F-A218-F87B25378A57}.Debug|Any CPU.ActiveCfg = Debug|x64
		{AFDF84B3-2D06-4A7F-A218-F87B25378A57}.Debug|Any CPU.Build.0 = Debug|x64
		{AFDF84B3-2D06-4A7F-A218-F87B25378A57}.Debug|x64.ActiveCfg = Debug|x64
		{AFDF84B3-2D06-4A7F-A218-F87B25378A57}.Debug|x64.Build.0 = Debug|x64
		{AFDF84B3-2D06-4A7F-A218-F87B25378A57}.Debug|x86.ActiveCfg = Debug|x86
		{AFDF84B3-2D06-4A7F-A218-F87B25378A57}.Debug|x86.Build.0 = Debug|x86
		{AFDF84B3-2D06-4A7F-A218-F87B25378A57}.Release|Any CPU.ActiveCfg = Release|Any CPU
		{AFDF84B3-2D06-4A7F-A218-F87B25378A57}.Release|Any CPU.Build.0 = Release|Any CPU
		{AFDF84B3-2D06-4A7F-A218-F87B25378A57}.Release|x64.ActiveCfg = Release|x64
		{AFDF84B3-2D06-4A7F-A218-F87B25378A57}.Release|x64.Build.0 = Release|x64
		{AFDF84B3-2D06-4A7F-A218-F87B25378A57}.Release|x86.ActiveCfg = Release|x86
		{AFDF84B3-2D06-4A7F-A218-F87B25378A57}.Release|x86.Build.0 = Release|x86
		{C645E737-2F40-4258-8839-2A0138649400}.Debug|Any CPU.ActiveCfg = Debug|x64
		{C645E737-2F40-4258-8839-2A0138649400}.Debug|Any CPU.Build.0 = Debug|x64
		{C645E737-2F40-4258-8839-2A0138649400}.Debug|x64.ActiveCfg = Debug|x64
		{C645E737-2F40-4258-8839-2A0138649400}.Debug|x64.Build.0 = Debug|x64
		{C645E737-2F40-4258-8839-2A0138649400}.Debug|x86.ActiveCfg = Debug|x86
		{C645E737-2F40-4258-8839-2A0138649400}.Debug|x86.Build.0 = Debug|x86
		{C645E737-2F40-4258-8839-2A0138649400}.Release|Any CPU.ActiveCfg = Release|Any CPU
		{C645E737-2F40-4258-8839-2A0138649400}.Release|Any CPU.Build.0 = Release|Any CPU
		{C645E737-2F40-4258-8839-2A0138649400}.Release|x64.ActiveCfg = Release|x64
		{C645E737-2F40-4258-8839-2A0138649400}.Release|x64.Build.0 = Release|x64
		{C645E737-2F40-4258-8839-2A0138649400}.Release|x86.ActiveCfg = Release|x86
		{C645E737-2F40-4258-8839-2A0138649400}.Release|x86.Build.0 = Release|x86
		{82E6167F-4494-4B32-8606-0CCC22C3A1EF}.Debug|Any CPU.ActiveCfg = Debug|Any CPU
		{82E6167F-4494-4B32-8606-0CCC22C3A1EF}.Debug|Any CPU.Build.0 = Debug|Any CPU
		{82E6167F-4494-4B32-8606-0CCC22C3A1EF}.Debug|x64.ActiveCfg = Debug|x64
		{82E6167F-4494-4B32-8606-0CCC22C3A1EF}.Debug|x64.Build.0 = Debug|x64
		{82E6167F-4494-4B32-8606-0CCC22C3A1EF}.Debug|x86.ActiveCfg = Debug|x86
		{82E6167F-4494-4B32-8606-0CCC22C3A1EF}.Debug|x86.Build.0 = Debug|x86
		{82E6167F-4494-4B32-8606-0CCC22C3A1EF}.Release|Any CPU.ActiveCfg = Release|Any CPU
		{82E6167F-4494-4B32-8606-0CCC22C3A1EF}.Release|Any CPU.Build.0 = Release|Any CPU
		{82E6167F-4494-4B32-8606-0CCC22C3A1EF}.Release|x64.ActiveCfg = Release|x64
		{82E6167F-4494-4B32-8606-0CCC22C3A1EF}.Release|x64.Build.0 = Release|x64
		{82E6167F-4494-4B32-8606-0CCC22C3A1EF}.Release|x86.ActiveCfg = Release|x86
		{82E6167F-4494-4B32-8606-0CCC22C3A1EF}.Release|x86.Build.0 = Release|x86
		{50909247-DFB8-41DB-8139-6EA4B178F9F9}.Debug|Any CPU.ActiveCfg = Debug|Any CPU
		{50909247-DFB8-41DB-8139-6EA4B178F9F9}.Debug|Any CPU.Build.0 = Debug|Any CPU
		{50909247-DFB8-41DB-8139-6EA4B178F9F9}.Debug|x64.ActiveCfg = Debug|x64
		{50909247-DFB8-41DB-8139-6EA4B178F9F9}.Debug|x64.Build.0 = Debug|x64
		{50909247-DFB8-41DB-8139-6EA4B178F9F9}.Debug|x86.ActiveCfg = Debug|x86
		{50909247-DFB8-41DB-8139-6EA4B178F9F9}.Debug|x86.Build.0 = Debug|x86
		{50909247-DFB8-41DB-8139-6EA4B178F9F9}.Release|Any CPU.ActiveCfg = Release|Any CPU
		{50909247-DFB8-41DB-8139-6EA4B178F9F9}.Release|Any CPU.Build.0 = Release|Any CPU
		{50909247-DFB8-41DB-8139-6EA4B178F9F9}.Release|x64.ActiveCfg = Release|x64
		{50909247-DFB8-41DB-8139-6EA4B178F9F9}.Release|x64.Build.0 = Release|x64
		{50909247-DFB8-41DB-8139-6EA4B178F9F9}.Release|x86.ActiveCfg = Release|x86
		{50909247-DFB8-41DB-8139-6EA4B178F9F9}.Release|x86.Build.0 = Release|x86
		{9B788F74-12B0-4342-AD4F-AF8DE29A8437}.Debug|Any CPU.ActiveCfg = Debug|Any CPU
		{9B788F74-12B0-4342-AD4F-AF8DE29A8437}.Debug|Any CPU.Build.0 = Debug|Any CPU
		{9B788F74-12B0-4342-AD4F-AF8DE29A8437}.Debug|x64.ActiveCfg = Debug|Any CPU
		{9B788F74-12B0-4342-AD4F-AF8DE29A8437}.Debug|x86.ActiveCfg = Debug|Any CPU
		{9B788F74-12B0-4342-AD4F-AF8DE29A8437}.Release|Any CPU.ActiveCfg = Release|Any CPU
		{9B788F74-12B0-4342-AD4F-AF8DE29A8437}.Release|Any CPU.Build.0 = Release|Any CPU
		{9B788F74-12B0-4342-AD4F-AF8DE29A8437}.Release|x64.ActiveCfg = Release|Any CPU
		{9B788F74-12B0-4342-AD4F-AF8DE29A8437}.Release|x86.ActiveCfg = Release|Any CPU
		{A26599F1-9915-447F-B503-EB2595AE7820}.Debug|Any CPU.ActiveCfg = Debug|Any CPU
		{A26599F1-9915-447F-B503-EB2595AE7820}.Debug|Any CPU.Build.0 = Debug|Any CPU
		{A26599F1-9915-447F-B503-EB2595AE7820}.Debug|x64.ActiveCfg = Debug|Any CPU
		{A26599F1-9915-447F-B503-EB2595AE7820}.Debug|x64.Build.0 = Debug|Any CPU
		{A26599F1-9915-447F-B503-EB2595AE7820}.Debug|x86.ActiveCfg = Debug|Any CPU
		{A26599F1-9915-447F-B503-EB2595AE7820}.Release|Any CPU.ActiveCfg = Release|Any CPU
		{A26599F1-9915-447F-B503-EB2595AE7820}.Release|Any CPU.Build.0 = Release|Any CPU
		{A26599F1-9915-447F-B503-EB2595AE7820}.Release|x64.ActiveCfg = Release|Any CPU
		{A26599F1-9915-447F-B503-EB2595AE7820}.Release|x86.ActiveCfg = Release|Any CPU
	EndGlobalSection
	GlobalSection(SolutionProperties) = preSolution
		HideSolutionNode = FALSE
	EndGlobalSection
EndGlobal
